PODS:
  - Mixpanel (2.8.2):
    - Mixpanel/Mixpanel (= 2.8.2)
  - Mixpanel/Mixpanel (2.8.2)
  - Reveal-iOS-SDK (1.5.1)

DEPENDENCIES:
  - Mixpanel
  - Reveal-iOS-SDK

SPEC CHECKSUMS:
  Mixpanel: f4d71ac2a306e7cda6ad03d4a2be249a0fd7a967
  Reveal-iOS-SDK: c9c55cad2729c85f6ced415f1b21857c9a2d8ef9

COCOAPODS: 0.37.2
